
Microsoft Visual Studio Solution File, Format Version 12.00
# Visual Studio 15
VisualStudioVersion = 15.0.28307.779
MinimumVisualStudioVersion = 10.0.40219.1
Project("{FAE04EC0-301F-11D3-BF4B-00C04F79EFBC}") = "Consumer", "Consumer\Consumer.csproj", "{DAD02E15-A300-478D-8675-F8634C48FE96}"
EndProject
Project("{FAE04EC0-301F-11D3-BF4B-00C04F79EFBC}") = "Producer", "Producer\Producer.csproj", "{62E73925-8BD2-4AB7-A052-B0A8CA2DC108}"
EndProject
Project("{FAE04EC0-301F-11D3-BF4B-00C04F79EFBC}") = "ReplicationUtilities", "ReplicationUtilities\ReplicationUtilities.csproj", "{731FAA9D-F40B-48FA-AECB-1B0A5FE47178}"
EndProject
Global
	GlobalSection(SolutionConfigurationPlatforms) = preSolution
		Debug|Any CPU = Debug|Any CPU
		Release|Any CPU = Release|Any CPU
	EndGlobalSection
	GlobalSection(ProjectConfigurationPlatforms) = postSolution
		{DAD02E15-A300-478D-8675-F8634C48FE96}.Debug|Any CPU.ActiveCfg = Debug|Any CPU
		{DAD02E15-A300-478D-8675-F8634C48FE96}.Debug|Any CPU.Build.0 = Debug|Any CPU
		{DAD02E15-A300-478D-8675-F8634C48FE96}.Release|Any CPU.ActiveCfg = Release|Any CPU
		{DAD02E15-A300-478D-8675-F8634C48FE96}.Release|Any CPU.Build.0 = Release|Any CPU
		{62E73925-8BD2-4AB7-A052-B0A8CA2DC108}.Debug|Any CPU.ActiveCfg = Debug|Any CPU
		{62E73925-8BD2-4AB7-A052-B0A8CA2DC108}.Debug|Any CPU.Build.0 = Debug|Any CPU
		{62E73925-8BD2-4AB7-A052-B0A8CA2DC108}.Release|Any CPU.ActiveCfg = Release|Any CPU
		{62E73925-8BD2-4AB7-A052-B0A8CA2DC108}.Release|Any CPU.Build.0 = Release|Any CPU
		{731FAA9D-F40B-48FA-AECB-1B0A5FE47178}.Debug|Any CPU.ActiveCfg = Debug|Any CPU
		{731FAA9D-F40B-48FA-AECB-1B0A5FE47178}.Debug|Any CPU.Build.0 = Debug|Any CPU
		{731FAA9D-F40B-48FA-AECB-1B0A5FE47178}.Release|Any CPU.ActiveCfg = Release|Any CPU
		{731FAA9D-F40B-48FA-AECB-1B0A5FE47178}.Release|Any CPU.Build.0 = Release|Any CPU
	EndGlobalSection
	GlobalSection(SolutionProperties) = preSolution
		HideSolutionNode = FALSE
	EndGlobalSection
	GlobalSection(ExtensibilityGlobals) = postSolution
		SolutionGuid = {7A52D7BE-0032-4BED-BBB8-5E1B0D59208D}
	EndGlobalSection
EndGlobal
